
Microsoft Visual Studio Solution File, Format Version 12.00
# Visual Studio 15
VisualStudioVersion = 15.0.27130.2027
MinimumVisualStudioVersion = 10.0.40219.1
Project("{FAE04EC0-301F-11D3-BF4B-00C04F79EFBC}") = "SB Parsing", "SB Parsing\SB Parsing.csproj", "{6ADA6148-D845-4F9D-8999-A50BC9708D69}"
EndProject
Global
	GlobalSection(SolutionConfigurationPlatforms) = preSolution
		Debug|Any CPU = Debug|Any CPU
		Release|Any CPU = Release|Any CPU
	EndGlobalSection
	GlobalSection(ProjectConfigurationPlatforms) = postSolution
		{6ADA6148-D845-4F9D-8999-A50BC9708D69}.Debug|Any CPU.ActiveCfg = Debug|Any CPU
		{6ADA6148-D845-4F9D-8999-A50BC9708D69}.Debug|Any CPU.Build.0 = Debug|Any CPU
		{6ADA6148-D845-4F9D-8999-A50BC9708D69}.Release|Any CPU.ActiveCfg = Release|Any CPU
		{6ADA6148-D845-4F9D-8999-A50BC9708D69}.Release|Any CPU.Build.0 = Release|Any CPU
	EndGlobalSection
	GlobalSection(SolutionProperties) = preSolution
		HideSolutionNode = FALSE
	EndGlobalSection
	GlobalSection(ExtensibilityGlobals) = postSolution
		SolutionGuid = {5CC10C4B-A4FC-4AE2-BA40-2429FD3FF062}
	EndGlobalSection
EndGlobal
