
Microsoft Visual Studio Solution File, Format Version 12.00
# Visual Studio 15
VisualStudioVersion = 15.0.28010.2048
MinimumVisualStudioVersion = 10.0.40219.1
Project("{FAE04EC0-301F-11D3-BF4B-00C04F79EFBC}") = "RusBounds2", "RusBounds2\RusBounds2.csproj", "{580445EA-7121-45C4-BD75-EF186A8C6BB4}"
EndProject
Global
	GlobalSection(SolutionConfigurationPlatforms) = preSolution
		Debug|Any CPU = Debug|Any CPU
		Release|Any CPU = Release|Any CPU
	EndGlobalSection
	GlobalSection(ProjectConfigurationPlatforms) = postSolution
		{580445EA-7121-45C4-BD75-EF186A8C6BB4}.Debug|Any CPU.ActiveCfg = Debug|Any CPU
		{580445EA-7121-45C4-BD75-EF186A8C6BB4}.Debug|Any CPU.Build.0 = Debug|Any CPU
		{580445EA-7121-45C4-BD75-EF186A8C6BB4}.Release|Any CPU.ActiveCfg = Release|Any CPU
		{580445EA-7121-45C4-BD75-EF186A8C6BB4}.Release|Any CPU.Build.0 = Release|Any CPU
	EndGlobalSection
	GlobalSection(SolutionProperties) = preSolution
		HideSolutionNode = FALSE
	EndGlobalSection
	GlobalSection(ExtensibilityGlobals) = postSolution
		SolutionGuid = {77250883-AB55-45E7-B129-7315FABDE309}
	EndGlobalSection
EndGlobal
