
Microsoft Visual Studio Solution File, Format Version 12.00
# Visual Studio 15
VisualStudioVersion = 15.0.28010.2048
MinimumVisualStudioVersion = 10.0.40219.1
Project("{FAE04EC0-301F-11D3-BF4B-00C04F79EFBC}") = "RusBounds3", "RusBounds3\RusBounds3.csproj", "{BD07958E-FB08-464B-9272-E3626997066D}"
EndProject
Global
	GlobalSection(SolutionConfigurationPlatforms) = preSolution
		Debug|Any CPU = Debug|Any CPU
		Release|Any CPU = Release|Any CPU
	EndGlobalSection
	GlobalSection(ProjectConfigurationPlatforms) = postSolution
		{BD07958E-FB08-464B-9272-E3626997066D}.Debug|Any CPU.ActiveCfg = Debug|Any CPU
		{BD07958E-FB08-464B-9272-E3626997066D}.Debug|Any CPU.Build.0 = Debug|Any CPU
		{BD07958E-FB08-464B-9272-E3626997066D}.Release|Any CPU.ActiveCfg = Release|Any CPU
		{BD07958E-FB08-464B-9272-E3626997066D}.Release|Any CPU.Build.0 = Release|Any CPU
	EndGlobalSection
	GlobalSection(SolutionProperties) = preSolution
		HideSolutionNode = FALSE
	EndGlobalSection
	GlobalSection(ExtensibilityGlobals) = postSolution
		SolutionGuid = {E98D3E96-BD32-48AD-98C1-A583403FC7CA}
	EndGlobalSection
EndGlobal
